
Microsoft Visual Studio Solution File, Format Version 12.00
# Visual Studio Version 17
VisualStudioVersion = 17.0.31808.319
MinimumVisualStudioVersion = 10.0.40219.1
Project("{FAE04EC0-301F-11D3-BF4B-00C04F79EFBC}") = "WindowsFormsApp4", "WindowsFormsApp4\WindowsFormsApp4.csproj", "{AD2F7C21-C5AA-49D3-A323-704A20B44554}"
EndProject
Global
	GlobalSection(SolutionConfigurationPlatforms) = preSolution
		Debug|Any CPU = Debug|Any CPU
		Release|Any CPU = Release|Any CPU
	EndGlobalSection
	GlobalSection(ProjectConfigurationPlatforms) = postSolution
		{AD2F7C21-C5AA-49D3-A323-704A20B44554}.Debug|Any CPU.ActiveCfg = Debug|Any CPU
		{AD2F7C21-C5AA-49D3-A323-704A20B44554}.Debug|Any CPU.Build.0 = Debug|Any CPU
		{AD2F7C21-C5AA-49D3-A323-704A20B44554}.Release|Any CPU.ActiveCfg = Release|Any CPU
		{AD2F7C21-C5AA-49D3-A323-704A20B44554}.Release|Any CPU.Build.0 = Release|Any CPU
	EndGlobalSection
	GlobalSection(SolutionProperties) = preSolution
		HideSolutionNode = FALSE
	EndGlobalSection
	GlobalSection(ExtensibilityGlobals) = postSolution
		SolutionGuid = {0A40C5F5-8724-4A00-B021-A517EF288BB7}
	EndGlobalSection
EndGlobal
