
Microsoft Visual Studio Solution File, Format Version 12.00
# Visual Studio Version 17
VisualStudioVersion = 17.0.31808.319
MinimumVisualStudioVersion = 10.0.40219.1
Project("{FAE04EC0-301F-11D3-BF4B-00C04F79EFBC}") = "WindowsFormsApp7", "WindowsFormsApp7\WindowsFormsApp7.csproj", "{F57C8652-4548-4769-880B-8DD9286BECF7}"
EndProject
Global
	GlobalSection(SolutionConfigurationPlatforms) = preSolution
		Debug|Any CPU = Debug|Any CPU
		Release|Any CPU = Release|Any CPU
	EndGlobalSection
	GlobalSection(ProjectConfigurationPlatforms) = postSolution
		{F57C8652-4548-4769-880B-8DD9286BECF7}.Debug|Any CPU.ActiveCfg = Debug|Any CPU
		{F57C8652-4548-4769-880B-8DD9286BECF7}.Debug|Any CPU.Build.0 = Debug|Any CPU
		{F57C8652-4548-4769-880B-8DD9286BECF7}.Release|Any CPU.ActiveCfg = Release|Any CPU
		{F57C8652-4548-4769-880B-8DD9286BECF7}.Release|Any CPU.Build.0 = Release|Any CPU
	EndGlobalSection
	GlobalSection(SolutionProperties) = preSolution
		HideSolutionNode = FALSE
	EndGlobalSection
	GlobalSection(ExtensibilityGlobals) = postSolution
		SolutionGuid = {A36F5081-F0B2-4FFC-9FB8-04056B479AD0}
	EndGlobalSection
EndGlobal
