
Microsoft Visual Studio Solution File, Format Version 12.00
# Visual Studio Version 17
VisualStudioVersion = 17.0.31815.197
MinimumVisualStudioVersion = 10.0.40219.1
Project("{FAE04EC0-301F-11D3-BF4B-00C04F79EFBC}") = "trafik lambası", "trafik lambası.csproj", "{03E9AC96-3A01-4089-9B25-646B42CE9FFC}"
EndProject
Global
	GlobalSection(SolutionConfigurationPlatforms) = preSolution
		Debug|Any CPU = Debug|Any CPU
		Release|Any CPU = Release|Any CPU
	EndGlobalSection
	GlobalSection(ProjectConfigurationPlatforms) = postSolution
		{03E9AC96-3A01-4089-9B25-646B42CE9FFC}.Debug|Any CPU.ActiveCfg = Debug|Any CPU
		{03E9AC96-3A01-4089-9B25-646B42CE9FFC}.Debug|Any CPU.Build.0 = Debug|Any CPU
		{03E9AC96-3A01-4089-9B25-646B42CE9FFC}.Release|Any CPU.ActiveCfg = Release|Any CPU
		{03E9AC96-3A01-4089-9B25-646B42CE9FFC}.Release|Any CPU.Build.0 = Release|Any CPU
	EndGlobalSection
	GlobalSection(SolutionProperties) = preSolution
		HideSolutionNode = FALSE
	EndGlobalSection
	GlobalSection(ExtensibilityGlobals) = postSolution
		SolutionGuid = {D3013C06-9145-4D3B-81C4-FBA5A2BB382E}
	EndGlobalSection
EndGlobal
