
Microsoft Visual Studio Solution File, Format Version 12.00
# Visual Studio Version 17
VisualStudioVersion = 17.0.31808.319
MinimumVisualStudioVersion = 10.0.40219.1
Project("{FAE04EC0-301F-11D3-BF4B-00C04F79EFBC}") = "WinFormsApp1", "WinFormsApp1\WinFormsApp1.csproj", "{B6640B57-B2AE-4BA5-9C91-531E1E365B7A}"
EndProject
Global
	GlobalSection(SolutionConfigurationPlatforms) = preSolution
		Debug|Any CPU = Debug|Any CPU
		Release|Any CPU = Release|Any CPU
	EndGlobalSection
	GlobalSection(ProjectConfigurationPlatforms) = postSolution
		{B6640B57-B2AE-4BA5-9C91-531E1E365B7A}.Debug|Any CPU.ActiveCfg = Debug|Any CPU
		{B6640B57-B2AE-4BA5-9C91-531E1E365B7A}.Debug|Any CPU.Build.0 = Debug|Any CPU
		{B6640B57-B2AE-4BA5-9C91-531E1E365B7A}.Release|Any CPU.ActiveCfg = Release|Any CPU
		{B6640B57-B2AE-4BA5-9C91-531E1E365B7A}.Release|Any CPU.Build.0 = Release|Any CPU
	EndGlobalSection
	GlobalSection(SolutionProperties) = preSolution
		HideSolutionNode = FALSE
	EndGlobalSection
	GlobalSection(ExtensibilityGlobals) = postSolution
		SolutionGuid = {3CE62FEA-040A-40DB-AB52-74DD24755C99}
	EndGlobalSection
EndGlobal
