
Microsoft Visual Studio Solution File, Format Version 12.00
# Visual Studio Version 17
VisualStudioVersion = 17.0.31808.319
MinimumVisualStudioVersion = 10.0.40219.1
Project("{FAE04EC0-301F-11D3-BF4B-00C04F79EFBC}") = "WinFormsApp3", "WinFormsApp3\WinFormsApp3.csproj", "{E74114A7-ABE1-4014-BD62-4C2CE01C7CF9}"
EndProject
Global
	GlobalSection(SolutionConfigurationPlatforms) = preSolution
		Debug|Any CPU = Debug|Any CPU
		Release|Any CPU = Release|Any CPU
	EndGlobalSection
	GlobalSection(ProjectConfigurationPlatforms) = postSolution
		{E74114A7-ABE1-4014-BD62-4C2CE01C7CF9}.Debug|Any CPU.ActiveCfg = Debug|Any CPU
		{E74114A7-ABE1-4014-BD62-4C2CE01C7CF9}.Debug|Any CPU.Build.0 = Debug|Any CPU
		{E74114A7-ABE1-4014-BD62-4C2CE01C7CF9}.Release|Any CPU.ActiveCfg = Release|Any CPU
		{E74114A7-ABE1-4014-BD62-4C2CE01C7CF9}.Release|Any CPU.Build.0 = Release|Any CPU
	EndGlobalSection
	GlobalSection(SolutionProperties) = preSolution
		HideSolutionNode = FALSE
	EndGlobalSection
	GlobalSection(ExtensibilityGlobals) = postSolution
		SolutionGuid = {E90A5099-47B6-47D6-AD7A-8E6C9FE1FCC9}
	EndGlobalSection
EndGlobal
