
Microsoft Visual Studio Solution File, Format Version 12.00
# Visual Studio Version 17
VisualStudioVersion = 17.0.31808.319
MinimumVisualStudioVersion = 10.0.40219.1
Project("{FAE04EC0-301F-11D3-BF4B-00C04F79EFBC}") = "WindowsFormsApp1", "WindowsFormsApp1\WindowsFormsApp1.csproj", "{881C5540-F6FB-4465-9B79-ED41ECD7CDD2}"
EndProject
Global
	GlobalSection(SolutionConfigurationPlatforms) = preSolution
		Debug|Any CPU = Debug|Any CPU
		Release|Any CPU = Release|Any CPU
	EndGlobalSection
	GlobalSection(ProjectConfigurationPlatforms) = postSolution
		{881C5540-F6FB-4465-9B79-ED41ECD7CDD2}.Debug|Any CPU.ActiveCfg = Debug|Any CPU
		{881C5540-F6FB-4465-9B79-ED41ECD7CDD2}.Debug|Any CPU.Build.0 = Debug|Any CPU
		{881C5540-F6FB-4465-9B79-ED41ECD7CDD2}.Release|Any CPU.ActiveCfg = Release|Any CPU
		{881C5540-F6FB-4465-9B79-ED41ECD7CDD2}.Release|Any CPU.Build.0 = Release|Any CPU
	EndGlobalSection
	GlobalSection(SolutionProperties) = preSolution
		HideSolutionNode = FALSE
	EndGlobalSection
	GlobalSection(ExtensibilityGlobals) = postSolution
		SolutionGuid = {F733CBAB-50FA-41BF-9582-A679511B0515}
	EndGlobalSection
EndGlobal
