
Microsoft Visual Studio Solution File, Format Version 12.00
# Visual Studio Version 17
VisualStudioVersion = 17.0.31808.319
MinimumVisualStudioVersion = 10.0.40219.1
Project("{FAE04EC0-301F-11D3-BF4B-00C04F79EFBC}") = "Hesap Makiinesi", "Hesap Makiinesi.csproj", "{3844328D-F395-47CB-AB9E-072D9967CB69}"
EndProject
Global
	GlobalSection(SolutionConfigurationPlatforms) = preSolution
		Debug|Any CPU = Debug|Any CPU
		Release|Any CPU = Release|Any CPU
	EndGlobalSection
	GlobalSection(ProjectConfigurationPlatforms) = postSolution
		{3844328D-F395-47CB-AB9E-072D9967CB69}.Debug|Any CPU.ActiveCfg = Debug|Any CPU
		{3844328D-F395-47CB-AB9E-072D9967CB69}.Debug|Any CPU.Build.0 = Debug|Any CPU
		{3844328D-F395-47CB-AB9E-072D9967CB69}.Release|Any CPU.ActiveCfg = Release|Any CPU
		{3844328D-F395-47CB-AB9E-072D9967CB69}.Release|Any CPU.Build.0 = Release|Any CPU
	EndGlobalSection
	GlobalSection(SolutionProperties) = preSolution
		HideSolutionNode = FALSE
	EndGlobalSection
	GlobalSection(ExtensibilityGlobals) = postSolution
		SolutionGuid = {5196617B-09A9-405B-A4A6-6863C8CD0374}
	EndGlobalSection
EndGlobal
